
Microsoft Visual Studio Solution File, Format Version 12.00
# Visual Studio Version 17
VisualStudioVersion = 17.6.33829.357
MinimumVisualStudioVersion = 10.0.40219.1
Project("{2150E333-8FDC-42A3-9474-1A3956D46DE8}") = "Services", "Services", "{436E2272-C6D4-4717-9F0B-E343AB9D5842}"
EndProject
Project("{2150E333-8FDC-42A3-9474-1A3956D46DE8}") = "Catalog", "Catalog", "{E76920D7-8F4A-46E6-A5B9-8FFD9C4EE2C1}"
EndProject
Project("{9A19103F-16F7-4668-BE54-9A1E7A4F7556}") = "Catalog.API", "Services\Catalog\Catalog.API\Catalog.API.csproj", "{8634D5DE-8869-4439-A637-7643C31853AD}"
EndProject
Project("{E53339B2-1760-4266-BCC7-CA923CBCF16C}") = "docker-compose", "docker-compose.dcproj", "{8F84EA78-8783-47DE-9D4E-5854EA26A4F1}"
EndProject
Project("{2150E333-8FDC-42A3-9474-1A3956D46DE8}") = "Basket", "Basket", "{FDA54CE3-3A80-46C8-B438-9982D2C3F1EF}"
EndProject
Project("{9A19103F-16F7-4668-BE54-9A1E7A4F7556}") = "Basket.API", "Services\Basket\Basket.API\Basket.API.csproj", "{76C50E70-E8BA-467E-A01A-E1E2FE9792A3}"
EndProject
Project("{2150E333-8FDC-42A3-9474-1A3956D46DE8}") = "Discount", "Discount", "{A3508BD4-F69F-4D09-8902-231BC16B0549}"
EndProject
Project("{9A19103F-16F7-4668-BE54-9A1E7A4F7556}") = "Discount.API", "Services\Discount\Discount.API\Discount.API.csproj", "{1A3045E4-2AD2-40B7-A920-074C10C88B72}"
EndProject
Project("{9A19103F-16F7-4668-BE54-9A1E7A4F7556}") = "Discount.Grpc", "Services\Discount\Discount.Grpc\Discount.Grpc.csproj", "{2106AA76-9A4E-4A49-9EF6-64408A4F67DC}"
EndProject
Project("{2150E333-8FDC-42A3-9474-1A3956D46DE8}") = "Ordering", "Ordering", "{90AB64A5-F158-4988-BBD2-A88837C2015B}"
EndProject
Project("{9A19103F-16F7-4668-BE54-9A1E7A4F7556}") = "Ordering.API", "Services\Ordering\Ordering.API\Ordering.API.csproj", "{C47A4C44-39AF-4D40-B843-AB35D5C3C356}"
EndProject
Project("{9A19103F-16F7-4668-BE54-9A1E7A4F7556}") = "Ordering.Domain", "Services\Ordering\Ordering.Domain\Ordering.Domain.csproj", "{844B57D5-6D42-4568-B2F3-2E1DDBB4BC51}"
EndProject
Project("{9A19103F-16F7-4668-BE54-9A1E7A4F7556}") = "Ordering.Application", "Services\Ordering\Ordering.Application\Ordering.Application.csproj", "{ABC5C15D-EA2A-4621-B6B0-459477017B28}"
EndProject
Project("{9A19103F-16F7-4668-BE54-9A1E7A4F7556}") = "Ordering.Infrastructure", "Services\Ordering\Ordering.Infrastructure\Ordering.Infrastructure.csproj", "{7584CA0A-B96F-418E-8999-014EA5629C17}"
EndProject
Project("{2150E333-8FDC-42A3-9474-1A3956D46DE8}") = "BuildingBlocks", "BuildingBlocks", "{2CF59E90-4823-4F74-9EDC-CBC1ADF05F90}"
EndProject
Project("{9A19103F-16F7-4668-BE54-9A1E7A4F7556}") = "EventBus.Messages", "BuildingBlocks\EventBus.Messages\EventBus.Messages.csproj", "{A8483BDA-626B-4C45-AD51-81B877E6047F}"
EndProject
Project("{2150E333-8FDC-42A3-9474-1A3956D46DE8}") = "ApiGateways", "ApiGateways", "{D39B405D-A0CF-4258-AA07-7E72B980FB3A}"
EndProject
Project("{9A19103F-16F7-4668-BE54-9A1E7A4F7556}") = "OcelotApiGw", "ApiGateways\OcelotApiGw\OcelotApiGw.csproj", "{60D8BFC9-60E4-46C3-8AAB-DBCED62E674B}"
EndProject
Project("{9A19103F-16F7-4668-BE54-9A1E7A4F7556}") = "Shopping.Aggregator", "ApiGateways\Shopping.Aggregator\Shopping.Aggregator.csproj", "{AC2842BC-962C-4306-922F-801273D767D7}"
EndProject
Project("{2150E333-8FDC-42A3-9474-1A3956D46DE8}") = "WebApps", "WebApps", "{E10A5123-45BE-4511-AF02-932757441A43}"
EndProject
Project("{FAE04EC0-301F-11D3-BF4B-00C04F79EFBC}") = "AspnetRunBasics", "WebApps\AspnetRunBasics\AspnetRunBasics.csproj", "{D60FD571-3CB8-4D66-9795-65B2D9B0829D}"
EndProject
Global
	GlobalSection(SolutionConfigurationPlatforms) = preSolution
		Debug|Any CPU = Debug|Any CPU
		Release|Any CPU = Release|Any CPU
	EndGlobalSection
	GlobalSection(ProjectConfigurationPlatforms) = postSolution
		{8634D5DE-8869-4439-A637-7643C31853AD}.Debug|Any CPU.ActiveCfg = Debug|Any CPU
		{8634D5DE-8869-4439-A637-7643C31853AD}.Debug|Any CPU.Build.0 = Debug|Any CPU
		{8634D5DE-8869-4439-A637-7643C31853AD}.Release|Any CPU.ActiveCfg = Release|Any CPU
		{8634D5DE-8869-4439-A637-7643C31853AD}.Release|Any CPU.Build.0 = Release|Any CPU
		{8F84EA78-8783-47DE-9D4E-5854EA26A4F1}.Debug|Any CPU.ActiveCfg = Debug|Any CPU
		{8F84EA78-8783-47DE-9D4E-5854EA26A4F1}.Debug|Any CPU.Build.0 = Debug|Any CPU
		{8F84EA78-8783-47DE-9D4E-5854EA26A4F1}.Release|Any CPU.ActiveCfg = Release|Any CPU
		{8F84EA78-8783-47DE-9D4E-5854EA26A4F1}.Release|Any CPU.Build.0 = Release|Any CPU
		{76C50E70-E8BA-467E-A01A-E1E2FE9792A3}.Debug|Any CPU.ActiveCfg = Debug|Any CPU
		{76C50E70-E8BA-467E-A01A-E1E2FE9792A3}.Debug|Any CPU.Build.0 = Debug|Any CPU
		{76C50E70-E8BA-467E-A01A-E1E2FE9792A3}.Release|Any CPU.ActiveCfg = Release|Any CPU
		{76C50E70-E8BA-467E-A01A-E1E2FE9792A3}.Release|Any CPU.Build.0 = Release|Any CPU
		{1A3045E4-2AD2-40B7-A920-074C10C88B72}.Debug|Any CPU.ActiveCfg = Debug|Any CPU
		{1A3045E4-2AD2-40B7-A920-074C10C88B72}.Debug|Any CPU.Build.0 = Debug|Any CPU
		{1A3045E4-2AD2-40B7-A920-074C10C88B72}.Release|Any CPU.ActiveCfg = Release|Any CPU
		{1A3045E4-2AD2-40B7-A920-074C10C88B72}.Release|Any CPU.Build.0 = Release|Any CPU
		{2106AA76-9A4E-4A49-9EF6-64408A4F67DC}.Debug|Any CPU.ActiveCfg = Debug|Any CPU
		{2106AA76-9A4E-4A49-9EF6-64408A4F67DC}.Debug|Any CPU.Build.0 = Debug|Any CPU
		{2106AA76-9A4E-4A49-9EF6-64408A4F67DC}.Release|Any CPU.ActiveCfg = Release|Any CPU
		{2106AA76-9A4E-4A49-9EF6-64408A4F67DC}.Release|Any CPU.Build.0 = Release|Any CPU
		{C47A4C44-39AF-4D40-B843-AB35D5C3C356}.Debug|Any CPU.ActiveCfg = Debug|Any CPU
		{C47A4C44-39AF-4D40-B843-AB35D5C3C356}.Debug|Any CPU.Build.0 = Debug|Any CPU
		{C47A4C44-39AF-4D40-B843-AB35D5C3C356}.Release|Any CPU.ActiveCfg = Release|Any CPU
		{C47A4C44-39AF-4D40-B843-AB35D5C3C356}.Release|Any CPU.Build.0 = Release|Any CPU
		{844B57D5-6D42-4568-B2F3-2E1DDBB4BC51}.Debug|Any CPU.ActiveCfg = Debug|Any CPU
		{844B57D5-6D42-4568-B2F3-2E1DDBB4BC51}.Debug|Any CPU.Build.0 = Debug|Any CPU
		{844B57D5-6D42-4568-B2F3-2E1DDBB4BC51}.Release|Any CPU.ActiveCfg = Release|Any CPU
		{844B57D5-6D42-4568-B2F3-2E1DDBB4BC51}.Release|Any CPU.Build.0 = Release|Any CPU
		{ABC5C15D-EA2A-4621-B6B0-459477017B28}.Debug|Any CPU.ActiveCfg = Debug|Any CPU
		{ABC5C15D-EA2A-4621-B6B0-459477017B28}.Debug|Any CPU.Build.0 = Debug|Any CPU
		{ABC5C15D-EA2A-4621-B6B0-459477017B28}.Release|Any CPU.ActiveCfg = Release|Any CPU
		{ABC5C15D-EA2A-4621-B6B0-459477017B28}.Release|Any CPU.Build.0 = Release|Any CPU
		{7584CA0A-B96F-418E-8999-014EA5629C17}.Debug|Any CPU.ActiveCfg = Debug|Any CPU
		{7584CA0A-B96F-418E-8999-014EA5629C17}.Debug|Any CPU.Build.0 = Debug|Any CPU
		{7584CA0A-B96F-418E-8999-014EA5629C17}.Release|Any CPU.ActiveCfg = Release|Any CPU
		{7584CA0A-B96F-418E-8999-014EA5629C17}.Release|Any CPU.Build.0 = Release|Any CPU
		{A8483BDA-626B-4C45-AD51-81B877E6047F}.Debug|Any CPU.ActiveCfg = Debug|Any CPU
		{A8483BDA-626B-4C45-AD51-81B877E6047F}.Debug|Any CPU.Build.0 = Debug|Any CPU
		{A8483BDA-626B-4C45-AD51-81B877E6047F}.Release|Any CPU.ActiveCfg = Release|Any CPU
		{A8483BDA-626B-4C45-AD51-81B877E6047F}.Release|Any CPU.Build.0 = Release|Any CPU
		{60D8BFC9-60E4-46C3-8AAB-DBCED62E674B}.Debug|Any CPU.ActiveCfg = Debug|Any CPU
		{60D8BFC9-60E4-46C3-8AAB-DBCED62E674B}.Debug|Any CPU.Build.0 = Debug|Any CPU
		{60D8BFC9-60E4-46C3-8AAB-DBCED62E674B}.Release|Any CPU.ActiveCfg = Release|Any CPU
		{60D8BFC9-60E4-46C3-8AAB-DBCED62E674B}.Release|Any CPU.Build.0 = Release|Any CPU
		{AC2842BC-962C-4306-922F-801273D767D7}.Debug|Any CPU.ActiveCfg = Debug|Any CPU
		{AC2842BC-962C-4306-922F-801273D767D7}.Debug|Any CPU.Build.0 = Debug|Any CPU
		{AC2842BC-962C-4306-922F-801273D767D7}.Release|Any CPU.ActiveCfg = Release|Any CPU
		{AC2842BC-962C-4306-922F-801273D767D7}.Release|Any CPU.Build.0 = Release|Any CPU
		{D60FD571-3CB8-4D66-9795-65B2D9B0829D}.Debug|Any CPU.ActiveCfg = Debug|Any CPU
		{D60FD571-3CB8-4D66-9795-65B2D9B0829D}.Debug|Any CPU.Build.0 = Debug|Any CPU
		{D60FD571-3CB8-4D66-9795-65B2D9B0829D}.Release|Any CPU.ActiveCfg = Release|Any CPU
		{D60FD571-3CB8-4D66-9795-65B2D9B0829D}.Release|Any CPU.Build.0 = Release|Any CPU
	EndGlobalSection
	GlobalSection(SolutionProperties) = preSolution
		HideSolutionNode = FALSE
	EndGlobalSection
	GlobalSection(NestedProjects) = preSolution
		{E76920D7-8F4A-46E6-A5B9-8FFD9C4EE2C1} = {436E2272-C6D4-4717-9F0B-E343AB9D5842}
		{8634D5DE-8869-4439-A637-7643C31853AD} = {E76920D7-8F4A-46E6-A5B9-8FFD9C4EE2C1}
		{FDA54CE3-3A80-46C8-B438-9982D2C3F1EF} = {436E2272-C6D4-4717-9F0B-E343AB9D5842}
		{76C50E70-E8BA-467E-A01A-E1E2FE9792A3} = {FDA54CE3-3A80-46C8-B438-9982D2C3F1EF}
		{A3508BD4-F69F-4D09-8902-231BC16B0549} = {436E2272-C6D4-4717-9F0B-E343AB9D5842}
		{1A3045E4-2AD2-40B7-A920-074C10C88B72} = {A3508BD4-F69F-4D09-8902-231BC16B0549}
		{2106AA76-9A4E-4A49-9EF6-64408A4F67DC} = {A3508BD4-F69F-4D09-8902-231BC16B0549}
		{90AB64A5-F158-4988-BBD2-A88837C2015B} = {436E2272-C6D4-4717-9F0B-E343AB9D5842}
		{C47A4C44-39AF-4D40-B843-AB35D5C3C356} = {90AB64A5-F158-4988-BBD2-A88837C2015B}
		{844B57D5-6D42-4568-B2F3-2E1DDBB4BC51} = {90AB64A5-F158-4988-BBD2-A88837C2015B}
		{ABC5C15D-EA2A-4621-B6B0-459477017B28} = {90AB64A5-F158-4988-BBD2-A88837C2015B}
		{7584CA0A-B96F-418E-8999-014EA5629C17} = {90AB64A5-F158-4988-BBD2-A88837C2015B}
		{A8483BDA-626B-4C45-AD51-81B877E6047F} = {2CF59E90-4823-4F74-9EDC-CBC1ADF05F90}
		{60D8BFC9-60E4-46C3-8AAB-DBCED62E674B} = {D39B405D-A0CF-4258-AA07-7E72B980FB3A}
		{AC2842BC-962C-4306-922F-801273D767D7} = {D39B405D-A0CF-4258-AA07-7E72B980FB3A}
		{D60FD571-3CB8-4D66-9795-65B2D9B0829D} = {E10A5123-45BE-4511-AF02-932757441A43}
	EndGlobalSection
	GlobalSection(ExtensibilityGlobals) = postSolution
		SolutionGuid = {F01FDB81-8B66-4F78-A36B-6A42A832C7C7}
	EndGlobalSection
EndGlobal
